// !$*UTF8*$!
{
	archiveVersion = 1;
	classes = {
	};
	objectVersion = 55;
	objects = {

/* Begin PBXBuildFile section */
		08217ED027EF146D0079C769 /* NBPManager.swift in Sources */ = {isa = PBXBuildFile; fileRef = 08217ECF27EF146D0079C769 /* NBPManager.swift */; };
		086F2C9827ECF8140012D3D3 /* AppDelegate.swift in Sources */ = {isa = PBXBuildFile; fileRef = 086F2C9727ECF8140012D3D3 /* AppDelegate.swift */; };
		086F2C9A27ECF8140012D3D3 /* SceneDelegate.swift in Sources */ = {isa = PBXBuildFile; fileRef = 086F2C9927ECF8140012D3D3 /* SceneDelegate.swift */; };
		086F2C9C27ECF8140012D3D3 /* ViewController.swift in Sources */ = {isa = PBXBuildFile; fileRef = 086F2C9B27ECF8140012D3D3 /* ViewController.swift */; };
		086F2C9F27ECF8140012D3D3 /* Main.storyboard in Resources */ = {isa = PBXBuildFile; fileRef = 086F2C9D27ECF8140012D3D3 /* Main.storyboard */; };
		086F2CA127ECF8140012D3D3 /* Assets.xcassets in Resources */ = {isa = PBXBuildFile; fileRef = 086F2CA027ECF8140012D3D3 /* Assets.xcassets */; };
		086F2CA427ECF8140012D3D3 /* LaunchScreen.storyboard in Resources */ = {isa = PBXBuildFile; fileRef = 086F2CA227ECF8140012D3D3 /* LaunchScreen.storyboard */; };
/* End PBXBuildFile section */

/* Begin PBXFileReference section */
		08217ECF27EF146D0079C769 /* NBPManager.swift */ = {isa = PBXFileReference; lastKnownFileType = sourcecode.swift; path = NBPManager.swift; sourceTree = "<group>"; };
		086F2C9427ECF8140012D3D3 /* kursy.app */ = {isa = PBXFileReference; explicitFileType = wrapper.application; includeInIndex = 0; path = kursy.app; sourceTree = BUILT_PRODUCTS_DIR; };
		086F2C9727ECF8140012D3D3 /* AppDelegate.swift */ = {isa = PBXFileReference; lastKnownFileType = sourcecode.swift; path = AppDelegate.swift; sourceTree = "<group>"; };
		086F2C9927ECF8140012D3D3 /* SceneDelegate.swift */ = {isa = PBXFileReference; lastKnownFileType = sourcecode.swift; path = SceneDelegate.swift; sourceTree = "<group>"; };
		086F2C9B27ECF8140012D3D3 /* ViewController.swift */ = {isa = PBXFileReference; lastKnownFileType = sourcecode.swift; path = ViewController.swift; sourceTree = "<group>"; };
		086F2C9E27ECF8140012D3D3 /* Base */ = {isa = PBXFileReference; lastKnownFileType = file.storyboard; name = Base; path = Base.lproj/Main.storyboard; sourceTree = "<group>"; };
		086F2CA027ECF8140012D3D3 /* Assets.xcassets */ = {isa = PBXFileReference; lastKnownFileType = folder.assetcatalog; path = Assets.xcassets; sourceTree = "<group>"; };
		086F2CA327ECF8140012D3D3 /* Base */ = {isa = PBXFileReference; lastKnownFileType = file.storyboard; name = Base; path = Base.lproj/LaunchScreen.storyboard; sourceTree = "<group>"; };
		086F2CA527ECF8140012D3D3 /* Info.plist */ = {isa = PBXFileReference; lastKnownFileType = text.plist.xml; path = Info.plist; sourceTree = "<group>"; };
/* End PBXFileReference section */

/* Begin PBXFrameworksBuildPhase section */
		086F2C9127ECF8140012D3D3 /* Frameworks */ = {
			isa = PBXFrameworksBuildPhase;
			buildActionMask = 2147483647;
			files = (
			);
			runOnlyForDeploymentPostprocessing = 0;
		};
/* End PBXFrameworksBuildPhase section */

/* Begin PBXGroup section */
		08217ECE27EF14260079C769 /* Model */ = {
			isa = PBXGroup;
			children = (
				08217ECF27EF146D0079C769 /* NBPManager.swift */,
			);
			path = Model;
			sourceTree = "<group>";
		};
		086F2C8B27ECF8130012D3D3 = {
			isa = PBXGroup;
			children = (
				086F2C9627ECF8140012D3D3 /* kursy */,
				086F2C9527ECF8140012D3D3 /* Products */,
			);
			sourceTree = "<group>";
		};
		086F2C9527ECF8140012D3D3 /* Products */ = {
			isa = PBXGroup;
			children = (
				086F2C9427ECF8140012D3D3 /* kursy.app */,
			);
			name = Products;
			sourceTree = "<group>";
		};
		086F2C9627ECF8140012D3D3 /* kursy */ = {
			isa = PBXGroup;
			children = (
				08217ECE27EF14260079C769 /* Model */,
				086F2C9727ECF8140012D3D3 /* AppDelegate.swift */,
				086F2C9927ECF8140012D3D3 /* SceneDelegate.swift */,
				086F2C9B27ECF8140012D3D3 /* ViewController.swift */,
				086F2C9D27ECF8140012D3D3 /* Main.storyboard */,
				086F2CA027ECF8140012D3D3 /* Assets.xcassets */,
				086F2CA227ECF8140012D3D3 /* LaunchScreen.storyboard */,
				086F2CA527ECF8140012D3D3 /* Info.plist */,
			);
			path = kursy;
			sourceTree = "<group>";
		};
/* End PBXGroup section */

/* Begin PBXNativeTarget section */
		086F2C9327ECF8140012D3D3 /* kursy */ = {
			isa = PBXNativeTarget;
			buildConfigurationList = 086F2CA827ECF8140012D3D3 /* Build configuration list for PBXNativeTarget "kursy" */;
			buildPhases = (
				086F2C9027ECF8140012D3D3 /* Sources */,
				086F2C9127ECF8140012D3D3 /* Frameworks */,
				086F2C9227ECF8140012D3D3 /* Resources */,
			);
			buildRules = (
			);
			dependencies = (
			);
			name = kursy;
			productName = kursy;
			productReference = 086F2C9427ECF8140012D3D3 /* kursy.app */;
			productType = "com.apple.product-type.application";
		};
/* End PBXNativeTarget section */

/* Begin PBXProject section */
		086F2C8C27ECF8130012D3D3 /* Project object */ = {
			isa = PBXProject;
			attributes = {
				BuildIndependentTargetsInParallel = 1;
				LastSwiftUpdateCheck = 1330;
				LastUpgradeCheck = 1330;
				TargetAttributes = {
					086F2C9327ECF8140012D3D3 = {
						CreatedOnToolsVersion = 13.3;
					};
				};
			};
			buildConfigurationList = 086F2C8F27ECF8130012D3D3 /* Build configuration list for PBXProject "kursy" */;
			compatibilityVersion = "Xcode 13.0";
			developmentRegion = en;
			hasScannedForEncodings = 0;
			knownRegions = (
				en,
				Base,
			);
			mainGroup = 086F2C8B27ECF8130012D3D3;
			productRefGroup = 086F2C9527ECF8140012D3D3 /* Products */;
			projectDirPath = "";
			projectRoot = "";
			targets = (
				086F2C9327ECF8140012D3D3 /* kursy */,
			);
		};
/* End PBXProject section */

/* Begin PBXResourcesBuildPhase section */
		086F2C9227ECF8140012D3D3 /* Resources */ = {
			isa = PBXResourcesBuildPhase;
			buildActionMask = 2147483647;
			files = (
				086F2CA427ECF8140012D3D3 /* LaunchScreen.storyboard in Resources */,
				086F2CA127ECF8140012D3D3 /* Assets.xcassets in Resources */,
				086F2C9F27ECF8140012D3D3 /* Main.storyboard in Resources */,
			);
			runOnlyForDeploymentPostprocessing = 0;
		};
/* End PBXResourcesBuildPhase section */

/* Begin PBXSourcesBuildPhase section */
		086F2C9027ECF8140012D3D3 /* Sources */ = {
			isa = PBXSourcesBuildPhase;
			buildActionMask = 2147483647;
			files = (
				086F2C9C27ECF8140012D3D3 /* ViewController.swift in Sources */,
				086F2C9827ECF8140012D3D3 /* AppDelegate.swift in Sources */,
				08217ED027EF146D0079C769 /* NBPManager.swift in Sources */,
				086F2C9A27ECF8140012D3D3 /* SceneDelegate.swift in Sources */,
			);
			runOnlyForDeploymentPostprocessing = 0;
		};
/* End PBXSourcesBuildPhase section */

/* Begin PBXVariantGroup section */
		086F2C9D27ECF8140012D3D3 /* Main.storyboard */ = {
			isa = PBXVariantGroup;
			children = (
				086F2C9E27ECF8140012D3D3 /* Base */,
			);
			name = Main.storyboard;
			sourceTree = "<group>";
		};
		086F2CA227ECF8140012D3D3 /* LaunchScreen.storyboard */ = {
			isa = PBXVariantGroup;
			children = (
				086F2CA327ECF8140012D3D3 /* Base */,
			);
			name = LaunchScreen.storyboard;
			sourceTree = "<group>";
		};
/* End PBXVariantGroup section */

/* Begin XCBuildConfiguration section */
		086F2CA627ECF8140012D3D3 /* Debug */ = {
			isa = XCBuildConfiguration;
			buildSettings = {
				ALWAYS_SEARCH_USER_PATHS = NO;
				CLANG_ANALYZER_NONNULL = YES;
				CLANG_ANALYZER_NUMBER_OBJECT_CONVERSION = YES_AGGRESSIVE;
				CLANG_CXX_LANGUAGE_STANDARD = "gnu++17";
				CLANG_ENABLE_MODULES = YES;
				CLANG_ENABLE_OBJC_ARC = YES;
				CLANG_ENABLE_OBJC_WEAK = YES;
				CLANG_WARN_BLOCK_CAPTURE_AUTORELEASING = YES;
				CLANG_WARN_BOOL_CONVERSION = YES;
				CLANG_WARN_COMMA = YES;
				CLANG_WARN_CONSTANT_CONVERSION = YES;
				CLANG_WARN_DEPRECATED_OBJC_IMPLEMENTATIONS = YES;
				CLANG_WARN_DIRECT_OBJC_ISA_USAGE = YES_ERROR;
				CLANG_WARN_DOCUMENTATION_COMMENTS = YES;
				CLANG_WARN_EMPTY_BODY = YES;
				CLANG_WARN_ENUM_CONVERSION = YES;
				CLANG_WARN_INFINITE_RECURSION = YES;
				CLANG_WARN_INT_CONVERSION = YES;
				CLANG_WARN_NON_LITERAL_NULL_CONVERSION = YES;
				CLANG_WARN_OBJC_IMPLICIT_RETAIN_SELF = YES;
				CLANG_WARN_OBJC_LITERAL_CONVERSION = YES;
				CLANG_WARN_OBJC_ROOT_CLASS = YES_ERROR;
				CLANG_WARN_QUOTED_INCLUDE_IN_FRAMEWORK_HEADER = YES;
				CLANG_WARN_RANGE_LOOP_ANALYSIS = YES;
				CLANG_WARN_STRICT_PROTOTYPES = YES;
				CLANG_WARN_SUSPICIOUS_MOVE = YES;
				CLANG_WARN_UNGUARDED_AVAILABILITY = YES_AGGRESSIVE;
				CLANG_WARN_UNREACHABLE_CODE = YES;
				CLANG_WARN__DUPLICATE_METHOD_MATCH = YES;
				COPY_PHASE_STRIP = NO;
				DEBUG_INFORMATION_FORMAT = dwarf;
				ENABLE_STRICT_OBJC_MSGSEND = YES;
				ENABLE_TESTABILITY = YES;
				GCC_C_LANGUAGE_STANDARD = gnu11;
				GCC_DYNAMIC_NO_PIC = NO;
				GCC_NO_COMMON_BLOCKS = YES;
				GCC_OPTIMIZATION_LEVEL = 0;
				GCC_PREPROCESSOR_DEFINITIONS = (
					"DEBUG=1",
					"$(inherited)",
				);
				GCC_WARN_64_TO_32_BIT_CONVERSION = YES;
				GCC_WARN_ABOUT_RETURN_TYPE = YES_ERROR;
				GCC_WARN_UNDECLARED_SELECTOR = YES;
				GCC_WARN_UNINITIALIZED_AUTOS = YES_AGGRESSIVE;
				GCC_WARN_UNUSED_FUNCTION = YES;
				GCC_WARN_UNUSED_VARIABLE = YES;
				IPHONEOS_DEPLOYMENT_TARGET = 15.4;
				MTL_ENABLE_DEBUG_INFO = INCLUDE_SOURCE;
				MTL_FAST_MATH = YES;
				ONLY_ACTIVE_ARCH = YES;
				SDKROOT = iphoneos;
				SWIFT_ACTIVE_COMPILATION_CONDITIONS = DEBUG;
				SWIFT_OPTIMIZATION_LEVEL = "-Onone";
			};
			name = Debug;
		};
		086F2CA727ECF8140012D3D3 /* Release */ = {
			isa = XCBuildConfiguration;
			buildSettings = {
				ALWAYS_SEARCH_USER_PATHS = NO;
				CLANG_ANALYZER_NONNULL = YES;
				CLANG_ANALYZER_NUMBER_OBJECT_CONVERSION = YES_AGGRESSIVE;
				CLANG_CXX_LANGUAGE_STANDARD = "gnu++17";
				CLANG_ENABLE_MODULES = YES;
				CLANG_ENABLE_OBJC_ARC = YES;
				CLANG_ENABLE_OBJC_WEAK = YES;
				CLANG_WARN_BLOCK_CAPTURE_AUTORELEASING = YES;
				CLANG_WARN_BOOL_CONVERSION = YES;
				CLANG_WARN_COMMA = YES;
				CLANG_WARN_CONSTANT_CONVERSION = YES;
				CLANG_WARN_DEPRECATED_OBJC_IMPLEMENTATIONS = YES;
				CLANG_WARN_DIRECT_OBJC_ISA_USAGE = YES_ERROR;
				CLANG_WARN_DOCUMENTATION_COMMENTS = YES;
				CLANG_WARN_EMPTY_BODY = YES;
				CLANG_WARN_ENUM_CONVERSION = YES;
				CLANG_WARN_INFINITE_RECURSION = YES;
				CLANG_WARN_INT_CONVERSION = YES;
				CLANG_WARN_NON_LITERAL_NULL_CONVERSION = YES;
				CLANG_WARN_OBJC_IMPLICIT_RETAIN_SELF = YES;
				CLANG_WARN_OBJC_LITERAL_CONVERSION = YES;
				CLANG_WARN_OBJC_ROOT_CLASS = YES_ERROR;
				CLANG_WARN_QUOTED_INCLUDE_IN_FRAMEWORK_HEADER = YES;
				CLANG_WARN_RANGE_LOOP_ANALYSIS = YES;
				CLANG_WARN_STRICT_PROTOTYPES = YES;
				CLANG_WARN_SUSPICIOUS_MOVE = YES;
				CLANG_WARN_UNGUARDED_AVAILABILITY = YES_AGGRESSIVE;
				CLANG_WARN_UNREACHABLE_CODE = YES;
				CLANG_WARN__DUPLICATE_METHOD_MATCH = YES;
				COPY_PHASE_STRIP = NO;
				DEBUG_INFORMATION_FORMAT = "dwarf-with-dsym";
				ENABLE_NS_ASSERTIONS = NO;
				ENABLE_STRICT_OBJC_MSGSEND = YES;
				GCC_C_LANGUAGE_STANDARD = gnu11;
				GCC_NO_COMMON_BLOCKS = YES;
				GCC_WARN_64_TO_32_BIT_CONVERSION = YES;
				GCC_WARN_ABOUT_RETURN_TYPE = YES_ERROR;
				GCC_WARN_UNDECLARED_SELECTOR = YES;
				GCC_WARN_UNINITIALIZED_AUTOS = YES_AGGRESSIVE;
				GCC_WARN_UNUSED_FUNCTION = YES;
				GCC_WARN_UNUSED_VARIABLE = YES;
				IPHONEOS_DEPLOYMENT_TARGET = 15.4;
				MTL_ENABLE_DEBUG_INFO = NO;
				MTL_FAST_MATH = YES;
				SDKROOT = iphoneos;
				SWIFT_COMPILATION_MODE = wholemodule;
				SWIFT_OPTIMIZATION_LEVEL = "-O";
				VALIDATE_PRODUCT = YES;
			};
			name = Release;
		};
		086F2CA927ECF8140012D3D3 /* Debug */ = {
			isa = XCBuildConfiguration;
			buildSettings = {
				ASSETCATALOG_COMPILER_APPICON_NAME = AppIcon;
				ASSETCATALOG_COMPILER_GLOBAL_ACCENT_COLOR_NAME = AccentColor;
				CODE_SIGN_STYLE = Automatic;
				CURRENT_PROJECT_VERSION = 1;
				DEVELOPMENT_TEAM = BN8865DEPV;
				GENERATE_INFOPLIST_FILE = YES;
				INFOPLIST_FILE = kursy/Info.plist;
				INFOPLIST_KEY_UIApplicationSupportsIndirectInputEvents = YES;
				INFOPLIST_KEY_UILaunchStoryboardName = LaunchScreen;
				INFOPLIST_KEY_UIMainStoryboardFile = Main;
				INFOPLIST_KEY_UISupportedInterfaceOrientations_iPad = "UIInterfaceOrientationPortrait UIInterfaceOrientationPortraitUpsideDown UIInterfaceOrientationLandscapeLeft UIInterfaceOrientationLandscapeRight";
				INFOPLIST_KEY_UISupportedInterfaceOrientations_iPhone = "UIInterfaceOrientationPortrait UIInterfaceOrientationLandscapeLeft UIInterfaceOrientationLandscapeRight";
				IPHONEOS_DEPLOYMENT_TARGET = 10.0;
				LD_RUNPATH_SEARCH_PATHS = (
					"$(inherited)",
					"@executable_path/Frameworks",
				);
				MARKETING_VERSION = 1.0;
				PRODUCT_BUNDLE_IDENTIFIER = piotrzakieta.kursy;
				PRODUCT_NAME = "$(TARGET_NAME)";
				SWIFT_EMIT_LOC_STRINGS = YES;
				SWIFT_VERSION = 5.0;
				TARGETED_DEVICE_FAMILY = 1;
			};
			name = Debug;
		};
		086F2CAA27ECF8140012D3D3 /* Release */ = {
			isa = XCBuildConfiguration;
			buildSettings = {
				ASSETCATALOG_COMPILER_APPICON_NAME = AppIcon;
				ASSETCATALOG_COMPILER_GLOBAL_ACCENT_COLOR_NAME = AccentColor;
				CODE_SIGN_STYLE = Automatic;
				CURRENT_PROJECT_VERSION = 1;
				DEVELOPMENT_TEAM = BN8865DEPV;
				GENERATE_INFOPLIST_FILE = YES;
				INFOPLIST_FILE = kursy/Info.plist;
				INFOPLIST_KEY_UIApplicationSupportsIndirectInputEvents = YES;
				INFOPLIST_KEY_UILaunchStoryboardName = LaunchScreen;
				INFOPLIST_KEY_UIMainStoryboardFile = Main;
				INFOPLIST_KEY_UISupportedInterfaceOrientations_iPad = "UIInterfaceOrientationPortrait UIInterfaceOrientationPortraitUpsideDown UIInterfaceOrientationLandscapeLeft UIInterfaceOrientationLandscapeRight";
				INFOPLIST_KEY_UISupportedInterfaceOrientations_iPhone = "UIInterfaceOrientationPortrait UIInterfaceOrientationLandscapeLeft UIInterfaceOrientationLandscapeRight";
				IPHONEOS_DEPLOYMENT_TARGET = 10.0;
				LD_RUNPATH_SEARCH_PATHS = (
					"$(inherited)",
					"@executable_path/Frameworks",
				);
				MARKETING_VERSION = 1.0;
				PRODUCT_BUNDLE_IDENTIFIER = piotrzakieta.kursy;
				PRODUCT_NAME = "$(TARGET_NAME)";
				SWIFT_EMIT_LOC_STRINGS = YES;
				SWIFT_VERSION = 5.0;
				TARGETED_DEVICE_FAMILY = 1;
			};
			name = Release;
		};
/* End XCBuildConfiguration section */

/* Begin XCConfigurationList section */
		086F2C8F27ECF8130012D3D3 /* Build configuration list for PBXProject "kursy" */ = {
			isa = XCConfigurationList;
			buildConfigurations = (
				086F2CA627ECF8140012D3D3 /* Debug */,
				086F2CA727ECF8140012D3D3 /* Release */,
			);
			defaultConfigurationIsVisible = 0;
			defaultConfigurationName = Release;
		};
		086F2CA827ECF8140012D3D3 /* Build configuration list for PBXNativeTarget "kursy" */ = {
			isa = XCConfigurationList;
			buildConfigurations = (
				086F2CA927ECF8140012D3D3 /* Debug */,
				086F2CAA27ECF8140012D3D3 /* Release */,
			);
			defaultConfigurationIsVisible = 0;
			defaultConfigurationName = Release;
		};
/* End XCConfigurationList section */
	};
	rootObject = 086F2C8C27ECF8130012D3D3 /* Project object */;
}
